{
  "name": "brainy",
  "lockfileVersion": 3,
  "requires": true,
  "packages": {
    "": {
      "dependencies": {
        "deno": "^2.8.2",
        "supabase": "^2.105.0"
      }
    },
    "node_modules/@deno/darwin-arm64": {
      "version": "2.8.2",
      "resolved": "https://registry.npmjs.org/@deno/darwin-arm64/-/darwin-arm64-2.8.2.tgz",
      "integrity": "sha512-uKMHut+8weqKm4x5tQUrosaPye3mxYQ1RdHx8i8dnassdvjbGMudPCbQm/x/CmC8EWw32NmDNkCnqdm0vd2Tww==",
      "cpu": [
        "arm64"
      ],
      "license": "MIT",
      "optional": true,
      "os": [
        "darwin"
      ]
    },
    "node_modules/@deno/darwin-x64": {
      "version": "2.8.2",
      "resolved": "https://registry.npmjs.org/@deno/darwin-x64/-/darwin-x64-2.8.2.tgz",
      "integrity": "sha512-W+GmuIpoZGxhWMC18cWodhxMW/akh4DcLSttagHbbThLQ6I5P74VA89zebng/RR5Zb3kuF2xlwZRPcxaLjBywA==",
      "cpu": [
        "x64"
      ],
      "license": "MIT",
      "optional": true,
      "os": [
        "darwin"
      ]
    },
    "node_modules/@deno/linux-arm64-glibc": {
      "version": "2.8.2",
      "resolved": "https://registry.npmjs.org/@deno/linux-arm64-glibc/-/linux-arm64-glibc-2.8.2.tgz",
      "integrity": "sha512-rTh+olsxsrJhe+rEbdeJh3OvVBH9q0TrFMkxPMiIs+DnZsQm3l4dZHfZf3B9rveLHOx1I0tLdGs02dxAgx2TPA==",
      "cpu": [
        "arm64"
      ],
      "libc": [
        "glibc"
      ],
      "license": "MIT",
      "optional": true,
      "os": [
        "linux"
      ]
    },
    "node_modules/@deno/linux-x64-glibc": {
      "version": "2.8.2",
      "resolved": "https://registry.npmjs.org/@deno/linux-x64-glibc/-/linux-x64-glibc-2.8.2.tgz",
      "integrity": "sha512-T04G8j2mGwkaYhtmpTwoGJnfFSDpM8GB8yxSmQMQLgqDFDeyHUy8OZKCOC2P7ZwMduBu/4TBjYQzohQHjkKjNg==",
      "cpu": [
        "x64"
      ],
      "libc": [
        "glibc"
      ],
      "license": "MIT",
      "optional": true,
      "os": [
        "linux"
      ]
    },
    "node_modules/@deno/win32-arm64": {
      "version": "2.8.2",
      "resolved": "https://registry.npmjs.org/@deno/win32-arm64/-/win32-arm64-2.8.2.tgz",
      "integrity": "sha512-ezzlZBJ1tBktrpcu+v8gc4Obn2zF/wVKSI+50410PUwW6y3d7h2EngUN29Rp1czeu/rDNZuboSrCWHOYsIMNxQ==",
      "cpu": [
        "arm64"
      ],
      "license": "MIT",
      "optional": true,
      "os": [
        "win32"
      ]
    },
    "node_modules/@deno/win32-x64": {
      "version": "2.8.2",
      "resolved": "https://registry.npmjs.org/@deno/win32-x64/-/win32-x64-2.8.2.tgz",
      "integrity": "sha512-34GQ/W3hy5TTl6VQ7tTXcnDckLyh2AK//ig7ELDT8UpUj2e7HvIhrX1ve0wz+fXYXrxft5+4f4dlMGDQUEKu+Q==",
      "cpu": [
        "x64"
      ],
      "license": "MIT",
      "optional": true,
      "os": [
        "win32"
      ]
    },
    "node_modules/@supabase/cli-darwin-arm64": {
      "version": "2.105.0",
      "resolved": "https://registry.npmjs.org/@supabase/cli-darwin-arm64/-/cli-darwin-arm64-2.105.0.tgz",
      "integrity": "sha512-ptlLrggNCq7dndvY7ce0MIvCZRnAYXeyKC0H7c4DqQmCbOPZgSwD5a4E3RPrZS6TLeJPG7XhpuJarAU5PTf/9w==",
      "cpu": [
        "arm64"
      ],
      "license": "MIT",
      "optional": true,
      "os": [
        "darwin"
      ]
    },
    "node_modules/@supabase/cli-darwin-x64": {
      "version": "2.105.0",
      "resolved": "https://registry.npmjs.org/@supabase/cli-darwin-x64/-/cli-darwin-x64-2.105.0.tgz",
      "integrity": "sha512-kJDYyy3UkXd4hDzo+duOzUk8yDqLEit8d/clBCiXNQFSJf96QCnG2iyrzT4dCDUk8UB3+g9xL1mH2EEuPHj7oA==",
      "cpu": [
        "x64"
      ],
      "license": "MIT",
      "optional": true,
      "os": [
        "darwin"
      ]
    },
    "node_modules/@supabase/cli-linux-arm64": {
      "version": "2.105.0",
      "resolved": "https://registry.npmjs.org/@supabase/cli-linux-arm64/-/cli-linux-arm64-2.105.0.tgz",
      "integrity": "sha512-cdHgfIFElYkAjrp0aJPlQPTqQ9doSxB4qRswlGNsSYaLlK5Ns78rXsB7G71RRnyrzb41C183osRhVENWVrnK/w==",
      "cpu": [
        "arm64"
      ],
      "libc": [
        "glibc"
      ],
      "license": "MIT",
      "optional": true,
      "os": [
        "linux"
      ]
    },
    "node_modules/@supabase/cli-linux-arm64-musl": {
      "version": "2.105.0",
      "resolved": "https://registry.npmjs.org/@supabase/cli-linux-arm64-musl/-/cli-linux-arm64-musl-2.105.0.tgz",
      "integrity": "sha512-45vxbXRwe/JUAjyvQ8oKO2o44IK3GunlVqeIWGzcDgaeMg5XO4x0i9+NGPvOvvhyMB4bgJ3cMxh/ovl1AM0GZA==",
      "cpu": [
        "arm64"
      ],
      "libc": [
        "musl"
      ],
      "license": "MIT",
      "optional": true,
      "os": [
        "linux"
      ]
    },
    "node_modules/@supabase/cli-linux-x64": {
      "version": "2.105.0",
      "resolved": "https://registry.npmjs.org/@supabase/cli-linux-x64/-/cli-linux-x64-2.105.0.tgz",
      "integrity": "sha512-rj1iU0h4EJaanx72eJtipiXczAY3gug9qxo62MYUZg2X1aaegFtyMS83fmjC7YlduW2Cu+zvgWoyTlA6R5Ndzg==",
      "cpu": [
        "x64"
      ],
      "libc": [
        "glibc"
      ],
      "license": "MIT",
      "optional": true,
      "os": [
        "linux"
      ]
    },
    "node_modules/@supabase/cli-linux-x64-musl": {
      "version": "2.105.0",
      "resolved": "https://registry.npmjs.org/@supabase/cli-linux-x64-musl/-/cli-linux-x64-musl-2.105.0.tgz",
      "integrity": "sha512-VnHn1NPn9Ov81BXFOx6FpHxbBT5e3ObaUxO7DR+LDGjh2wfMUj4E6Y863w+r0HJk0hi0mRH7u0U0dOrbBp4E+w==",
      "cpu": [
        "x64"
      ],
      "libc": [
        "musl"
      ],
      "license": "MIT",
      "optional": true,
      "os": [
        "linux"
      ]
    },
    "node_modules/@supabase/cli-windows-arm64": {
      "version": "2.105.0",
      "resolved": "https://registry.npmjs.org/@supabase/cli-windows-arm64/-/cli-windows-arm64-2.105.0.tgz",
      "integrity": "sha512-b5xQ5dVkARZTBiSwLpPbwffRHvVDcO3ZvAtzz54J44KQdLD0TSrgoXZJBrI4Y3ggmG70EiITKPL8+rT6ptjXsQ==",
      "cpu": [
        "arm64"
      ],
      "license": "MIT",
      "optional": true,
      "os": [
        "win32"
      ]
    },
    "node_modules/@supabase/cli-windows-x64": {
      "version": "2.105.0",
      "resolved": "https://registry.npmjs.org/@supabase/cli-windows-x64/-/cli-windows-x64-2.105.0.tgz",
      "integrity": "sha512-QmfqDQJ58ba/9+vzM8HJQsa/rY6OdtaaaAmPKwCMd8JUQ7758p8sydYe1vXTb4CCPdvk9qW2d/Dh54ucH4SPwg==",
      "cpu": [
        "x64"
      ],
      "license": "MIT",
      "optional": true,
      "os": [
        "win32"
      ]
    },
    "node_modules/deno": {
      "version": "2.8.2",
      "resolved": "https://registry.npmjs.org/deno/-/deno-2.8.2.tgz",
      "integrity": "sha512-IMcdZBfJpzVEfc3N7obg+irBAHNKD3igwE7rX6I2MB3BiA9exHOh7DzH6XrOJgIp9nszyHfKyYL+EFBryVxPOA==",
      "hasInstallScript": true,
      "license": "MIT",
      "bin": {
        "deno": "bin.cjs"
      },
      "optionalDependencies": {
        "@deno/darwin-arm64": "2.8.2",
        "@deno/darwin-x64": "2.8.2",
        "@deno/linux-arm64-glibc": "2.8.2",
        "@deno/linux-x64-glibc": "2.8.2",
        "@deno/win32-arm64": "2.8.2",
        "@deno/win32-x64": "2.8.2"
      }
    },
    "node_modules/supabase": {
      "version": "2.105.0",
      "resolved": "https://registry.npmjs.org/supabase/-/supabase-2.105.0.tgz",
      "integrity": "sha512-UB2aFLYAVujTQsZ9l+aCbDfLNaZApZucByRNP/1j0L1pXXzFhSgEyZSrvHSUO5LIvOb09AGHWishL/usVTuHTg==",
      "license": "MIT",
      "bin": {
        "supabase": "dist/supabase.js"
      },
      "optionalDependencies": {
        "@supabase/cli-darwin-arm64": "2.105.0",
        "@supabase/cli-darwin-x64": "2.105.0",
        "@supabase/cli-linux-arm64": "2.105.0",
        "@supabase/cli-linux-arm64-musl": "2.105.0",
        "@supabase/cli-linux-x64": "2.105.0",
        "@supabase/cli-linux-x64-musl": "2.105.0",
        "@supabase/cli-windows-arm64": "2.105.0",
        "@supabase/cli-windows-x64": "2.105.0"
      }
    }
  }
}
